
Microsoft Visual Studio Solution File, Format Version 12.00
# Visual Studio 2013
VisualStudioVersion = 12.0.30723.0
MinimumVisualStudioVersion = 10.0.40219.1
Project("{F2A71F9B-5D33-465A-A702-920D77279786}") = "NamelessInteractive.AASA.JoyOfLiving.Core", "NamelessInteractive.AASA.JoyOfLiving.Core\NamelessInteractive.AASA.JoyOfLiving.Core.fsproj", "{B6E6E25B-A6FF-4A7C-97F1-F9A424CE41F9}"
EndProject
Project("{F2A71F9B-5D33-465A-A702-920D77279786}") = "NamelessInteractive.AASA.JoyOfLiving.Android", "NamelessInteractive.AASA.JoyOfLiving.Android\NamelessInteractive.AASA.JoyOfLiving.Android.fsproj", "{4093F528-567F-48AA-BB19-8F59507AFE01}"
EndProject
Project("{F2A71F9B-5D33-465A-A702-920D77279786}") = "NamelessInteractive.AASA.JoyOfLiving.iOS", "NamelessInteractive.AASA.JoyOfLiving.iOS\NamelessInteractive.AASA.JoyOfLiving.iOS.fsproj", "{1FE16570-5B78-4359-9B1C-3DE2207153B7}"
EndProject
Project("{FAE04EC0-301F-11D3-BF4B-00C04F79EFBC}") = "NamelessInteractive.AASA.JoyOfLiving.WindowsPhone", "NamelessInteractive.AASA.JoyOfLiving.WindowsPhone\NamelessInteractive.AASA.JoyOfLiving.WindowsPhone.csproj", "{2B224883-2C35-426E-B89D-1CCEEF1D4216}"
EndProject
Project("{FAE04EC0-301F-11D3-BF4B-00C04F79EFBC}") = "NamelessInteractive.AASA.JoyOfLiving.WebHost", "NamelessInteractive.AASA.JoyOfLiving.WebHost\NamelessInteractive.AASA.JoyOfLiving.WebHost.csproj", "{FE13675B-B657-4746-9DDB-D15314B7A268}"
EndProject
Project("{F2A71F9B-5D33-465A-A702-920D77279786}") = "NamelessInteractive.AASA.JoyOfLiving.WebCore", "NamelessInteractive.AASA.JoyOfLiving.WebCore\NamelessInteractive.AASA.JoyOfLiving.WebCore.fsproj", "{733F6653-FE10-4AEF-9244-FD18EDB83639}"
EndProject
Global
	GlobalSection(SolutionConfigurationPlatforms) = preSolution
		DebugMono|Any CPU = DebugMono|Any CPU
		DebugWin|Any CPU = DebugWin|Any CPU
		Release|Any CPU = Release|Any CPU
	EndGlobalSection
	GlobalSection(ProjectConfigurationPlatforms) = postSolution
		{B6E6E25B-A6FF-4A7C-97F1-F9A424CE41F9}.DebugMono|Any CPU.ActiveCfg = Debug|Any CPU
		{B6E6E25B-A6FF-4A7C-97F1-F9A424CE41F9}.DebugMono|Any CPU.Build.0 = Debug|Any CPU
		{B6E6E25B-A6FF-4A7C-97F1-F9A424CE41F9}.DebugWin|Any CPU.ActiveCfg = DebugWin|Any CPU
		{B6E6E25B-A6FF-4A7C-97F1-F9A424CE41F9}.DebugWin|Any CPU.Build.0 = DebugWin|Any CPU
		{B6E6E25B-A6FF-4A7C-97F1-F9A424CE41F9}.Release|Any CPU.ActiveCfg = Release|Any CPU
		{B6E6E25B-A6FF-4A7C-97F1-F9A424CE41F9}.Release|Any CPU.Build.0 = Release|Any CPU
		{4093F528-567F-48AA-BB19-8F59507AFE01}.DebugMono|Any CPU.ActiveCfg = Debug|Any CPU
		{4093F528-567F-48AA-BB19-8F59507AFE01}.DebugWin|Any CPU.ActiveCfg = Debug|Any CPU
		{4093F528-567F-48AA-BB19-8F59507AFE01}.Release|Any CPU.ActiveCfg = Release|Any CPU
		{4093F528-567F-48AA-BB19-8F59507AFE01}.Release|Any CPU.Build.0 = Release|Any CPU
		{1FE16570-5B78-4359-9B1C-3DE2207153B7}.DebugMono|Any CPU.ActiveCfg = Debug|iPhoneSimulator
		{1FE16570-5B78-4359-9B1C-3DE2207153B7}.DebugWin|Any CPU.ActiveCfg = Debug|iPhoneSimulator
		{1FE16570-5B78-4359-9B1C-3DE2207153B7}.Release|Any CPU.ActiveCfg = Debug|iPhoneSimulator
		{1FE16570-5B78-4359-9B1C-3DE2207153B7}.Release|Any CPU.Build.0 = Debug|iPhoneSimulator
		{2B224883-2C35-426E-B89D-1CCEEF1D4216}.DebugMono|Any CPU.ActiveCfg = DebugMono|Any CPU
		{2B224883-2C35-426E-B89D-1CCEEF1D4216}.DebugMono|Any CPU.Build.0 = DebugMono|Any CPU
		{2B224883-2C35-426E-B89D-1CCEEF1D4216}.DebugMono|Any CPU.Deploy.0 = DebugMono|Any CPU
		{2B224883-2C35-426E-B89D-1CCEEF1D4216}.DebugWin|Any CPU.ActiveCfg = DebugWin|Any CPU
		{2B224883-2C35-426E-B89D-1CCEEF1D4216}.DebugWin|Any CPU.Build.0 = DebugWin|Any CPU
		{2B224883-2C35-426E-B89D-1CCEEF1D4216}.DebugWin|Any CPU.Deploy.0 = DebugWin|Any CPU
		{2B224883-2C35-426E-B89D-1CCEEF1D4216}.Release|Any CPU.ActiveCfg = Release|Any CPU
		{2B224883-2C35-426E-B89D-1CCEEF1D4216}.Release|Any CPU.Build.0 = Release|Any CPU
		{2B224883-2C35-426E-B89D-1CCEEF1D4216}.Release|Any CPU.Deploy.0 = Release|Any CPU
		{FE13675B-B657-4746-9DDB-D15314B7A268}.DebugMono|Any CPU.ActiveCfg = DebugMono|Any CPU
		{FE13675B-B657-4746-9DDB-D15314B7A268}.DebugMono|Any CPU.Build.0 = DebugMono|Any CPU
		{FE13675B-B657-4746-9DDB-D15314B7A268}.DebugWin|Any CPU.ActiveCfg = DebugWin|Any CPU
		{FE13675B-B657-4746-9DDB-D15314B7A268}.Release|Any CPU.ActiveCfg = Release|Any CPU
		{FE13675B-B657-4746-9DDB-D15314B7A268}.Release|Any CPU.Build.0 = Release|Any CPU
		{733F6653-FE10-4AEF-9244-FD18EDB83639}.DebugMono|Any CPU.ActiveCfg = Debug|Any CPU
		{733F6653-FE10-4AEF-9244-FD18EDB83639}.DebugMono|Any CPU.Build.0 = Debug|Any CPU
		{733F6653-FE10-4AEF-9244-FD18EDB83639}.DebugWin|Any CPU.ActiveCfg = Debug|Any CPU
		{733F6653-FE10-4AEF-9244-FD18EDB83639}.DebugWin|Any CPU.Build.0 = Debug|Any CPU
		{733F6653-FE10-4AEF-9244-FD18EDB83639}.Release|Any CPU.ActiveCfg = Release|Any CPU
		{733F6653-FE10-4AEF-9244-FD18EDB83639}.Release|Any CPU.Build.0 = Release|Any CPU
	EndGlobalSection
	GlobalSection(SolutionProperties) = preSolution
		HideSolutionNode = FALSE
	EndGlobalSection
	GlobalSection(MonoDevelopProperties) = preSolution
		StartupItem = NamelessInteractive.AASA.JoyOfLiving.Android\NamelessInteractive.AASA.JoyOfLiving.Android.fsproj
	EndGlobalSection
EndGlobal
